# This file is automatically @generated by Poetry 1.7.1 and should not be changed by hand.

[[package]]
name = "mimesis"
version = "14.0.0"
description = "Mimesis: Fake Data Generator."
optional = false
python-versions = ">=3.10,<4.0"
files = [
    {file = "mimesis-14.0.0-py3-none-any.whl", hash = "sha256:464df13c7c7ca214fc0adbe1d7a217055a5df04d8075b6250965ed625da5882a"},
    {file = "mimesis-14.0.0.tar.gz", hash = "sha256:37c4d9116c3be247f5180dfe63d2e1a9a0f3d950be5b0842c18e29a03c041198"},
]

[metadata]
lock-version = "2.0"
python-versions = "^3.12"
content-hash = "ab5cfafcca5e94f84169c99a07a033220bef227486b20512366efd9db46ea873"
